
Microsoft Visual Studio Solution File, Format Version 12.00
Project("{FAE04EC0-301F-11D3-BF4B-00C04F79EFBC}") = "AsyncLabMinor3", "AsyncLabMinor3\AsyncLabMinor3.csproj", "{1CC1D4FC-D5C8-4007-8117-1334D058C430}"
EndProject
Global
	GlobalSection(SolutionConfigurationPlatforms) = preSolution
		Debug|Any CPU = Debug|Any CPU
		Release|Any CPU = Release|Any CPU
	EndGlobalSection
	GlobalSection(ProjectConfigurationPlatforms) = postSolution
		{1CC1D4FC-D5C8-4007-8117-1334D058C430}.Debug|Any CPU.ActiveCfg = Debug|Any CPU
		{1CC1D4FC-D5C8-4007-8117-1334D058C430}.Debug|Any CPU.Build.0 = Debug|Any CPU
		{1CC1D4FC-D5C8-4007-8117-1334D058C430}.Release|Any CPU.ActiveCfg = Release|Any CPU
		{1CC1D4FC-D5C8-4007-8117-1334D058C430}.Release|Any CPU.Build.0 = Release|Any CPU
	EndGlobalSection
EndGlobal
